// !$*UTF8*$!
{
	archiveVersion = 1;
	classes = {
	};
	objectVersion = 77;
	objects = {

/* Begin PBXContainerItemProxy section */
		819DEE872D1F311D00C6DE35 /* PBXContainerItemProxy */ = {
			isa = PBXContainerItemProxy;
			containerPortal = 819DEE6E2D1F311C00C6DE35 /* Project object */;
			proxyType = 1;
			remoteGlobalIDString = 819DEE752D1F311C00C6DE35;
			remoteInfo = WaterTracker;
		};
		819DEE912D1F311D00C6DE35 /* PBXContainerItemProxy */ = {
			isa = PBXContainerItemProxy;
			containerPortal = 819DEE6E2D1F311C00C6DE35 /* Project object */;
			proxyType = 1;
			remoteGlobalIDString = 819DEE752D1F311C00C6DE35;
			remoteInfo = WaterTracker;
		};
/* End PBXContainerItemProxy section */

/* Begin PBXFileReference section */
		819DEE762D1F311C00C6DE35 /* WaterTracker.app */ = {isa = PBXFileReference; explicitFileType = wrapper.application; includeInIndex = 0; path = WaterTracker.app; sourceTree = BUILT_PRODUCTS_DIR; };
		819DEE862D1F311D00C6DE35 /* WaterTrackerTests.xctest */ = {isa = PBXFileReference; explicitFileType = wrapper.cfbundle; includeInIndex = 0; path = WaterTrackerTests.xctest; sourceTree = BUILT_PRODUCTS_DIR; };
		819DEE902D1F311D00C6DE35 /* WaterTrackerUITests.xctest */ = {isa = PBXFileReference; explicitFileType = wrapper.cfbundle; includeInIndex = 0; path = WaterTrackerUITests.xctest; sourceTree = BUILT_PRODUCTS_DIR; };
/* End PBXFileReference section */

/* Begin PBXFileSystemSynchronizedBuildFileExceptionSet section */
		81C9823F2D25B0E500B1FA94 /* Exceptions for "WaterTracker" folder in "WaterTracker" target */ = {
			isa = PBXFileSystemSynchronizedBuildFileExceptionSet;
			membershipExceptions = (
				Utils/LocationManager.swift,
				Views/HomeView.swift,
			);
			target = 819DEE752D1F311C00C6DE35 /* WaterTracker */;
		};
/* End PBXFileSystemSynchronizedBuildFileExceptionSet section */

/* Begin PBXFileSystemSynchronizedGroupBuildPhaseMembershipExceptionSet section */
		81C982402D25B0E500B1FA94 /* Exceptions for "WaterTracker" folder in "Copy Bundle Resources" phase from "WaterTracker" target */ = {
			isa = PBXFileSystemSynchronizedGroupBuildPhaseMembershipExceptionSet;
			buildPhase = 819DEE742D1F311C00C6DE35 /* Resources */;
			membershipExceptions = (
				Utils/LocationManager.swift,
				Views/HomeView.swift,
			);
		};
/* End PBXFileSystemSynchronizedGroupBuildPhaseMembershipExceptionSet section */

/* Begin PBXFileSystemSynchronizedRootGroup section */
		819DEE782D1F311C00C6DE35 /* WaterTracker */ = {
			isa = PBXFileSystemSynchronizedRootGroup;
			exceptions = (
				81C9823F2D25B0E500B1FA94 /* Exceptions for "WaterTracker" folder in "WaterTracker" target */,
				81C982402D25B0E500B1FA94 /* Exceptions for "WaterTracker" folder in "Copy Bundle Resources" phase from "WaterTracker" target */,
			);
			path = WaterTracker;
			sourceTree = "<group>";
		};
		819DEE892D1F311D00C6DE35 /* WaterTrackerTests */ = {
			isa = PBXFileSystemSynchronizedRootGroup;
			path = WaterTrackerTests;
			sourceTree = "<group>";
		};
		819DEE932D1F311D00C6DE35 /* WaterTrackerUITests */ = {
			isa = PBXFileSystemSynchronizedRootGroup;
			path = WaterTrackerUITests;
			sourceTree = "<group>";
		};
/* End PBXFileSystemSynchronizedRootGroup section */

/* Begin PBXFrameworksBuildPhase section */
		819DEE732D1F311C00C6DE35 /* Frameworks */ = {
			isa = PBXFrameworksBuildPhase;
			buildActionMask = 2147483647;
			files = (
			);
			runOnlyForDeploymentPostprocessing = 0;
		};
		819DEE832D1F311D00C6DE35 /* Frameworks */ = {
			isa = PBXFrameworksBuildPhase;
			buildActionMask = 2147483647;
			files = (
			);
			runOnlyForDeploymentPostprocessing = 0;
		};
		819DEE8D2D1F311D00C6DE35 /* Frameworks */ = {
			isa = PBXFrameworksBuildPhase;
			buildActionMask = 2147483647;
			files = (
			);
			runOnlyForDeploymentPostprocessing = 0;
		};
/* End PBXFrameworksBuildPhase section */

/* Begin PBXGroup section */
		819DEE6D2D1F311C00C6DE35 = {
			isa = PBXGroup;
			children = (
				819DEE782D1F311C00C6DE35 /* WaterTracker */,
				819DEE892D1F311D00C6DE35 /* WaterTrackerTests */,
				819DEE932D1F311D00C6DE35 /* WaterTrackerUITests */,
				819DEE772D1F311C00C6DE35 /* Products */,
			);
			sourceTree = "<group>";
		};
		819DEE772D1F311C00C6DE35 /* Products */ = {
			isa = PBXGroup;
			children = (
				819DEE762D1F311C00C6DE35 /* WaterTracker.app */,
				819DEE862D1F311D00C6DE35 /* WaterTrackerTests.xctest */,
				819DEE902D1F311D00C6DE35 /* WaterTrackerUITests.xctest */,
			);
			name = Products;
			sourceTree = "<group>";
		};
/* End PBXGroup section */

/* Begin PBXNativeTarget section */
		819DEE752D1F311C00C6DE35 /* WaterTracker */ = {
			isa = PBXNativeTarget;
			buildConfigurationList = 819DEE9A2D1F311D00C6DE35 /* Build configuration list for PBXNativeTarget "WaterTracker" */;
			buildPhases = (
				819DEE722D1F311C00C6DE35 /* Sources */,
				819DEE732D1F311C00C6DE35 /* Frameworks */,
				819DEE742D1F311C00C6DE35 /* Resources */,
			);
			buildRules = (
			);
			dependencies = (
			);
			fileSystemSynchronizedGroups = (
				819DEE782D1F311C00C6DE35 /* WaterTracker */,
			);
			name = WaterTracker;
			packageProductDependencies = (
			);
			productName = WaterTracker;
			productReference = 819DEE762D1F311C00C6DE35 /* WaterTracker.app */;
			productType = "com.apple.product-type.application";
		};
		819DEE852D1F311D00C6DE35 /* WaterTrackerTests */ = {
			isa = PBXNativeTarget;
			buildConfigurationList = 819DEE9D2D1F311D00C6DE35 /* Build configuration list for PBXNativeTarget "WaterTrackerTests" */;
			buildPhases = (
				819DEE822D1F311D00C6DE35 /* Sources */,
				819DEE832D1F311D00C6DE35 /* Frameworks */,
				819DEE842D1F311D00C6DE35 /* Resources */,
			);
			buildRules = (
			);
			dependencies = (
				819DEE882D1F311D00C6DE35 /* PBXTargetDependency */,
			);
			fileSystemSynchronizedGroups = (
				819DEE892D1F311D00C6DE35 /* WaterTrackerTests */,
			);
			name = WaterTrackerTests;
			packageProductDependencies = (
			);
			productName = WaterTrackerTests;
			productReference = 819DEE862D1F311D00C6DE35 /* WaterTrackerTests.xctest */;
			productType = "com.apple.product-type.bundle.unit-test";
		};
		819DEE8F2D1F311D00C6DE35 /* WaterTrackerUITests */ = {
			isa = PBXNativeTarget;
			buildConfigurationList = 819DEEA02D1F311D00C6DE35 /* Build configuration list for PBXNativeTarget "WaterTrackerUITests" */;
			buildPhases = (
				819DEE8C2D1F311D00C6DE35 /* Sources */,
				819DEE8D2D1F311D00C6DE35 /* Frameworks */,
				819DEE8E2D1F311D00C6DE35 /* Resources */,
			);
			buildRules = (
			);
			dependencies = (
				819DEE922D1F311D00C6DE35 /* PBXTargetDependency */,
			);
			fileSystemSynchronizedGroups = (
				819DEE932D1F311D00C6DE35 /* WaterTrackerUITests */,
			);
			name = WaterTrackerUITests;
			packageProductDependencies = (
			);
			productName = WaterTrackerUITests;
			productReference = 819DEE902D1F311D00C6DE35 /* WaterTrackerUITests.xctest */;
			productType = "com.apple.product-type.bundle.ui-testing";
		};
/* End PBXNativeTarget section */

/* Begin PBXProject section */
		819DEE6E2D1F311C00C6DE35 /* Project object */ = {
			isa = PBXProject;
			attributes = {
				BuildIndependentTargetsInParallel = 1;
				LastSwiftUpdateCheck = 1620;
				LastUpgradeCheck = 1620;
				TargetAttributes = {
					819DEE752D1F311C00C6DE35 = {
						CreatedOnToolsVersion = 16.2;
						LastSwiftMigration = 1620;
					};
					819DEE852D1F311D00C6DE35 = {
						CreatedOnToolsVersion = 16.2;
						TestTargetID = 819DEE752D1F311C00C6DE35;
					};
					819DEE8F2D1F311D00C6DE35 = {
						CreatedOnToolsVersion = 16.2;
						TestTargetID = 819DEE752D1F311C00C6DE35;
					};
				};
			};
			buildConfigurationList = 819DEE712D1F311C00C6DE35 /* Build configuration list for PBXProject "WaterTracker" */;
			developmentRegion = en;
			hasScannedForEncodings = 0;
			knownRegions = (
				en,
				Base,
			);
			mainGroup = 819DEE6D2D1F311C00C6DE35;
			minimizedProjectReferenceProxies = 1;
			preferredProjectObjectVersion = 77;
			productRefGroup = 819DEE772D1F311C00C6DE35 /* Products */;
			projectDirPath = "";
			projectRoot = "";
			targets = (
				819DEE752D1F311C00C6DE35 /* WaterTracker */,
				819DEE852D1F311D00C6DE35 /* WaterTrackerTests */,
				819DEE8F2D1F311D00C6DE35 /* WaterTrackerUITests */,
			);
		};
/* End PBXProject section */

/* Begin PBXResourcesBuildPhase section */
		819DEE742D1F311C00C6DE35 /* Resources */ = {
			isa = PBXResourcesBuildPhase;
			buildActionMask = 2147483647;
			files = (
			);
			runOnlyForDeploymentPostprocessing = 0;
		};
		819DEE842D1F311D00C6DE35 /* Resources */ = {
			isa = PBXResourcesBuildPhase;
			buildActionMask = 2147483647;
			files = (
			);
			runOnlyForDeploymentPostprocessing = 0;
		};
		819DEE8E2D1F311D00C6DE35 /* Resources */ = {
			isa = PBXResourcesBuildPhase;
			buildActionMask = 2147483647;
			files = (
			);
			runOnlyForDeploymentPostprocessing = 0;
		};
/* End PBXResourcesBuildPhase section */

/* Begin PBXSourcesBuildPhase section */
		819DEE722D1F311C00C6DE35 /* Sources */ = {
			isa = PBXSourcesBuildPhase;
			buildActionMask = 2147483647;
			files = (
			);
			runOnlyForDeploymentPostprocessing = 0;
		};
		819DEE822D1F311D00C6DE35 /* Sources */ = {
			isa = PBXSourcesBuildPhase;
			buildActionMask = 2147483647;
			files = (
			);
			runOnlyForDeploymentPostprocessing = 0;
		};
		819DEE8C2D1F311D00C6DE35 /* Sources */ = {
			isa = PBXSourcesBuildPhase;
			buildActionMask = 2147483647;
			files = (
			);
			runOnlyForDeploymentPostprocessing = 0;
		};
/* End PBXSourcesBuildPhase section */

/* Begin PBXTargetDependency section */
		819DEE882D1F311D00C6DE35 /* PBXTargetDependency */ = {
			isa = PBXTargetDependency;
			target = 819DEE752D1F311C00C6DE35 /* WaterTracker */;
			targetProxy = 819DEE872D1F311D00C6DE35 /* PBXContainerItemProxy */;
		};
		819DEE922D1F311D00C6DE35 /* PBXTargetDependency */ = {
			isa = PBXTargetDependency;
			target = 819DEE752D1F311C00C6DE35 /* WaterTracker */;
			targetProxy = 819DEE912D1F311D00C6DE35 /* PBXContainerItemProxy */;
		};
/* End PBXTargetDependency section */

/* Begin XCBuildConfiguration section */
		819DEE982D1F311D00C6DE35 /* Debug */ = {
			isa = XCBuildConfiguration;
			buildSettings = {
				ALWAYS_SEARCH_USER_PATHS = NO;
				ASSETCATALOG_COMPILER_GENERATE_SWIFT_ASSET_SYMBOL_EXTENSIONS = YES;
				CLANG_ANALYZER_NONNULL = YES;
				CLANG_ANALYZER_NUMBER_OBJECT_CONVERSION = YES_AGGRESSIVE;
				CLANG_CXX_LANGUAGE_STANDARD = "gnu++20";
				CLANG_ENABLE_MODULES = YES;
				CLANG_ENABLE_OBJC_ARC = YES;
				CLANG_ENABLE_OBJC_WEAK = YES;
				CLANG_WARN_BLOCK_CAPTURE_AUTORELEASING = YES;
				CLANG_WARN_BOOL_CONVERSION = YES;
				CLANG_WARN_COMMA = YES;
				CLANG_WARN_CONSTANT_CONVERSION = YES;
				CLANG_WARN_DEPRECATED_OBJC_IMPLEMENTATIONS = YES;
				CLANG_WARN_DIRECT_OBJC_ISA_USAGE = YES_ERROR;
				CLANG_WARN_DOCUMENTATION_COMMENTS = YES;
				CLANG_WARN_EMPTY_BODY = YES;
				CLANG_WARN_ENUM_CONVERSION = YES;
				CLANG_WARN_INFINITE_RECURSION = YES;
				CLANG_WARN_INT_CONVERSION = YES;
				CLANG_WARN_NON_LITERAL_NULL_CONVERSION = YES;
				CLANG_WARN_OBJC_IMPLICIT_RETAIN_SELF = YES;
				CLANG_WARN_OBJC_LITERAL_CONVERSION = YES;
				CLANG_WARN_OBJC_ROOT_CLASS = YES_ERROR;
				CLANG_WARN_QUOTED_INCLUDE_IN_FRAMEWORK_HEADER = YES;
				CLANG_WARN_RANGE_LOOP_ANALYSIS = YES;
				CLANG_WARN_STRICT_PROTOTYPES = YES;
				CLANG_WARN_SUSPICIOUS_MOVE = YES;
				CLANG_WARN_UNGUARDED_AVAILABILITY = YES_AGGRESSIVE;
				CLANG_WARN_UNREACHABLE_CODE = YES;
				CLANG_WARN__DUPLICATE_METHOD_MATCH = YES;
				COPY_PHASE_STRIP = NO;
				DEBUG_INFORMATION_FORMAT = dwarf;
				ENABLE_STRICT_OBJC_MSGSEND = YES;
				ENABLE_TESTABILITY = YES;
				ENABLE_USER_SCRIPT_SANDBOXING = YES;
				GCC_C_LANGUAGE_STANDARD = gnu17;
				GCC_DYNAMIC_NO_PIC = NO;
				GCC_NO_COMMON_BLOCKS = YES;
				GCC_OPTIMIZATION_LEVEL = 0;
				GCC_PREPROCESSOR_DEFINITIONS = (
					"DEBUG=1",
					"$(inherited)",
				);
				GCC_WARN_64_TO_32_BIT_CONVERSION = YES;
				GCC_WARN_ABOUT_RETURN_TYPE = YES_ERROR;
				GCC_WARN_UNDECLARED_SELECTOR = YES;
				GCC_WARN_UNINITIALIZED_AUTOS = YES_AGGRESSIVE;
				GCC_WARN_UNUSED_FUNCTION = YES;
				GCC_WARN_UNUSED_VARIABLE = YES;
				IPHONEOS_DEPLOYMENT_TARGET = 18.2;
				LOCALIZATION_PREFERS_STRING_CATALOGS = YES;
				MTL_ENABLE_DEBUG_INFO = INCLUDE_SOURCE;
				MTL_FAST_MATH = YES;
				ONLY_ACTIVE_ARCH = YES;
				SDKROOT = iphoneos;
				SWIFT_ACTIVE_COMPILATION_CONDITIONS = "DEBUG $(inherited)";
				SWIFT_OPTIMIZATION_LEVEL = "-Onone";
			};
			name = Debug;
		};
		819DEE992D1F311D00C6DE35 /* Release */ = {
			isa = XCBuildConfiguration;
			buildSettings = {
				ALWAYS_SEARCH_USER_PATHS = NO;
				ASSETCATALOG_COMPILER_GENERATE_SWIFT_ASSET_SYMBOL_EXTENSIONS = YES;
				CLANG_ANALYZER_NONNULL = YES;
				CLANG_ANALYZER_NUMBER_OBJECT_CONVERSION = YES_AGGRESSIVE;
				CLANG_CXX_LANGUAGE_STANDARD = "gnu++20";
				CLANG_ENABLE_MODULES = YES;
				CLANG_ENABLE_OBJC_ARC = YES;
				CLANG_ENABLE_OBJC_WEAK = YES;
				CLANG_WARN_BLOCK_CAPTURE_AUTORELEASING = YES;
				CLANG_WARN_BOOL_CONVERSION = YES;
				CLANG_WARN_COMMA = YES;
				CLANG_WARN_CONSTANT_CONVERSION = YES;
				CLANG_WARN_DEPRECATED_OBJC_IMPLEMENTATIONS = YES;
				CLANG_WARN_DIRECT_OBJC_ISA_USAGE = YES_ERROR;
				CLANG_WARN_DOCUMENTATION_COMMENTS = YES;
				CLANG_WARN_EMPTY_BODY = YES;
				CLANG_WARN_ENUM_CONVERSION = YES;
				CLANG_WARN_INFINITE_RECURSION = YES;
				CLANG_WARN_INT_CONVERSION = YES;
				CLANG_WARN_NON_LITERAL_NULL_CONVERSION = YES;
				CLANG_WARN_OBJC_IMPLICIT_RETAIN_SELF = YES;
				CLANG_WARN_OBJC_LITERAL_CONVERSION = YES;
				CLANG_WARN_OBJC_ROOT_CLASS = YES_ERROR;
				CLANG_WARN_QUOTED_INCLUDE_IN_FRAMEWORK_HEADER = YES;
				CLANG_WARN_RANGE_LOOP_ANALYSIS = YES;
				CLANG_WARN_STRICT_PROTOTYPES = YES;
				CLANG_WARN_SUSPICIOUS_MOVE = YES;
				CLANG_WARN_UNGUARDED_AVAILABILITY = YES_AGGRESSIVE;
				CLANG_WARN_UNREACHABLE_CODE = YES;
				CLANG_WARN__DUPLICATE_METHOD_MATCH = YES;
				COPY_PHASE_STRIP = NO;
				DEBUG_INFORMATION_FORMAT = "dwarf-with-dsym";
				ENABLE_NS_ASSERTIONS = NO;
				ENABLE_STRICT_OBJC_MSGSEND = YES;
				ENABLE_USER_SCRIPT_SANDBOXING = YES;
				GCC_C_LANGUAGE_STANDARD = gnu17;
				GCC_NO_COMMON_BLOCKS = YES;
				GCC_WARN_64_TO_32_BIT_CONVERSION = YES;
				GCC_WARN_ABOUT_RETURN_TYPE = YES_ERROR;
				GCC_WARN_UNDECLARED_SELECTOR = YES;
				GCC_WARN_UNINITIALIZED_AUTOS = YES_AGGRESSIVE;
				GCC_WARN_UNUSED_FUNCTION = YES;
				GCC_WARN_UNUSED_VARIABLE = YES;
				IPHONEOS_DEPLOYMENT_TARGET = 18.2;
				LOCALIZATION_PREFERS_STRING_CATALOGS = YES;
				MTL_ENABLE_DEBUG_INFO = NO;
				MTL_FAST_MATH = YES;
				SDKROOT = iphoneos;
				SWIFT_COMPILATION_MODE = wholemodule;
				VALIDATE_PRODUCT = YES;
			};
			name = Release;
		};
		819DEE9B2D1F311D00C6DE35 /* Debug */ = {
			isa = XCBuildConfiguration;
			buildSettings = {
				ASSETCATALOG_COMPILER_APPICON_NAME = AppIcon;
				ASSETCATALOG_COMPILER_GLOBAL_ACCENT_COLOR_NAME = AccentColor;
				CLANG_ENABLE_MODULES = YES;
				CODE_SIGN_STYLE = Automatic;
				CURRENT_PROJECT_VERSION = 1;
				DEVELOPMENT_ASSET_PATHS = "\"WaterTracker/Preview Content\"";
				ENABLE_PREVIEWS = YES;
				GENERATE_INFOPLIST_FILE = YES;
				INFOPLIST_KEY_LSApplicationCategoryType = "public.app-category.utilities";
				INFOPLIST_KEY_UIApplicationSceneManifest_Generation = YES;
				INFOPLIST_KEY_UIApplicationSupportsIndirectInputEvents = YES;
				INFOPLIST_KEY_UILaunchScreen_Generation = YES;
				INFOPLIST_KEY_UISupportedInterfaceOrientations_iPad = "UIInterfaceOrientationPortrait UIInterfaceOrientationPortraitUpsideDown UIInterfaceOrientationLandscapeLeft UIInterfaceOrientationLandscapeRight";
				INFOPLIST_KEY_UISupportedInterfaceOrientations_iPhone = "UIInterfaceOrientationPortrait UIInterfaceOrientationLandscapeLeft UIInterfaceOrientationLandscapeRight";
				LD_RUNPATH_SEARCH_PATHS = (
					"$(inherited)",
					"@executable_path/Frameworks",
				);
				MARKETING_VERSION = 1.0;
				PRODUCT_BUNDLE_IDENTIFIER = com.pranavr.watertracker.WaterTracker;
				PRODUCT_NAME = "$(TARGET_NAME)";
				SWIFT_EMIT_LOC_STRINGS = YES;
				SWIFT_OPTIMIZATION_LEVEL = "-Onone";
				SWIFT_VERSION = 5.0;
				TARGETED_DEVICE_FAMILY = "1,2";
			};
			name = Debug;
		};
		819DEE9C2D1F311D00C6DE35 /* Release */ = {
			isa = XCBuildConfiguration;
			buildSettings = {
				ASSETCATALOG_COMPILER_APPICON_NAME = AppIcon;
				ASSETCATALOG_COMPILER_GLOBAL_ACCENT_COLOR_NAME = AccentColor;
				CLANG_ENABLE_MODULES = YES;
				CODE_SIGN_STYLE = Automatic;
				CURRENT_PROJECT_VERSION = 1;
				DEVELOPMENT_ASSET_PATHS = "\"WaterTracker/Preview Content\"";
				ENABLE_PREVIEWS = YES;
				GENERATE_INFOPLIST_FILE = YES;
				INFOPLIST_KEY_LSApplicationCategoryType = "public.app-category.utilities";
				INFOPLIST_KEY_UIApplicationSceneManifest_Generation = YES;
				INFOPLIST_KEY_UIApplicationSupportsIndirectInputEvents = YES;
				INFOPLIST_KEY_UILaunchScreen_Generation = YES;
				INFOPLIST_KEY_UISupportedInterfaceOrientations_iPad = "UIInterfaceOrientationPortrait UIInterfaceOrientationPortraitUpsideDown UIInterfaceOrientationLandscapeLeft UIInterfaceOrientationLandscapeRight";
				INFOPLIST_KEY_UISupportedInterfaceOrientations_iPhone = "UIInterfaceOrientationPortrait UIInterfaceOrientationLandscapeLeft UIInterfaceOrientationLandscapeRight";
				LD_RUNPATH_SEARCH_PATHS = (
					"$(inherited)",
					"@executable_path/Frameworks",
				);
				MARKETING_VERSION = 1.0;
				PRODUCT_BUNDLE_IDENTIFIER = com.pranavr.watertracker.WaterTracker;
				PRODUCT_NAME = "$(TARGET_NAME)";
				SWIFT_EMIT_LOC_STRINGS = YES;
				SWIFT_VERSION = 5.0;
				TARGETED_DEVICE_FAMILY = "1,2";
			};
			name = Release;
		};
		819DEE9E2D1F311D00C6DE35 /* Debug */ = {
			isa = XCBuildConfiguration;
			buildSettings = {
				BUNDLE_LOADER = "$(TEST_HOST)";
				CODE_SIGN_STYLE = Automatic;
				CURRENT_PROJECT_VERSION = 1;
				GENERATE_INFOPLIST_FILE = YES;
				IPHONEOS_DEPLOYMENT_TARGET = 18.2;
				MARKETING_VERSION = 1.0;
				PRODUCT_BUNDLE_IDENTIFIER = com.pranavr.watertracker.WaterTrackerTests;
				PRODUCT_NAME = "$(TARGET_NAME)";
				SWIFT_EMIT_LOC_STRINGS = NO;
				SWIFT_VERSION = 5.0;
				TARGETED_DEVICE_FAMILY = "1,2";
				TEST_HOST = "$(BUILT_PRODUCTS_DIR)/WaterTracker.app/$(BUNDLE_EXECUTABLE_FOLDER_PATH)/WaterTracker";
			};
			name = Debug;
		};
		819DEE9F2D1F311D00C6DE35 /* Release */ = {
			isa = XCBuildConfiguration;
			buildSettings = {
				BUNDLE_LOADER = "$(TEST_HOST)";
				CODE_SIGN_STYLE = Automatic;
				CURRENT_PROJECT_VERSION = 1;
				GENERATE_INFOPLIST_FILE = YES;
				IPHONEOS_DEPLOYMENT_TARGET = 18.2;
				MARKETING_VERSION = 1.0;
				PRODUCT_BUNDLE_IDENTIFIER = com.pranavr.watertracker.WaterTrackerTests;
				PRODUCT_NAME = "$(TARGET_NAME)";
				SWIFT_EMIT_LOC_STRINGS = NO;
				SWIFT_VERSION = 5.0;
				TARGETED_DEVICE_FAMILY = "1,2";
				TEST_HOST = "$(BUILT_PRODUCTS_DIR)/WaterTracker.app/$(BUNDLE_EXECUTABLE_FOLDER_PATH)/WaterTracker";
			};
			name = Release;
		};
		819DEEA12D1F311D00C6DE35 /* Debug */ = {
			isa = XCBuildConfiguration;
			buildSettings = {
				CODE_SIGN_STYLE = Automatic;
				CURRENT_PROJECT_VERSION = 1;
				GENERATE_INFOPLIST_FILE = YES;
				MARKETING_VERSION = 1.0;
				PRODUCT_BUNDLE_IDENTIFIER = com.pranavr.watertracker.WaterTrackerUITests;
				PRODUCT_NAME = "$(TARGET_NAME)";
				SWIFT_EMIT_LOC_STRINGS = NO;
				SWIFT_VERSION = 5.0;
				TARGETED_DEVICE_FAMILY = "1,2";
				TEST_TARGET_NAME = WaterTracker;
			};
			name = Debug;
		};
		819DEEA22D1F311D00C6DE35 /* Release */ = {
			isa = XCBuildConfiguration;
			buildSettings = {
				CODE_SIGN_STYLE = Automatic;
				CURRENT_PROJECT_VERSION = 1;
				GENERATE_INFOPLIST_FILE = YES;
				MARKETING_VERSION = 1.0;
				PRODUCT_BUNDLE_IDENTIFIER = com.pranavr.watertracker.WaterTrackerUITests;
				PRODUCT_NAME = "$(TARGET_NAME)";
				SWIFT_EMIT_LOC_STRINGS = NO;
				SWIFT_VERSION = 5.0;
				TARGETED_DEVICE_FAMILY = "1,2";
				TEST_TARGET_NAME = WaterTracker;
			};
			name = Release;
		};
/* End XCBuildConfiguration section */

/* Begin XCConfigurationList section */
		819DEE712D1F311C00C6DE35 /* Build configuration list for PBXProject "WaterTracker" */ = {
			isa = XCConfigurationList;
			buildConfigurations = (
				819DEE982D1F311D00C6DE35 /* Debug */,
				819DEE992D1F311D00C6DE35 /* Release */,
			);
			defaultConfigurationIsVisible = 0;
			defaultConfigurationName = Release;
		};
		819DEE9A2D1F311D00C6DE35 /* Build configuration list for PBXNativeTarget "WaterTracker" */ = {
			isa = XCConfigurationList;
			buildConfigurations = (
				819DEE9B2D1F311D00C6DE35 /* Debug */,
				819DEE9C2D1F311D00C6DE35 /* Release */,
			);
			defaultConfigurationIsVisible = 0;
			defaultConfigurationName = Release;
		};
		819DEE9D2D1F311D00C6DE35 /* Build configuration list for PBXNativeTarget "WaterTrackerTests" */ = {
			isa = XCConfigurationList;
			buildConfigurations = (
				819DEE9E2D1F311D00C6DE35 /* Debug */,
				819DEE9F2D1F311D00C6DE35 /* Release */,
			);
			defaultConfigurationIsVisible = 0;
			defaultConfigurationName = Release;
		};
		819DEEA02D1F311D00C6DE35 /* Build configuration list for PBXNativeTarget "WaterTrackerUITests" */ = {
			isa = XCConfigurationList;
			buildConfigurations = (
				819DEEA12D1F311D00C6DE35 /* Debug */,
				819DEEA22D1F311D00C6DE35 /* Release */,
			);
			defaultConfigurationIsVisible = 0;
			defaultConfigurationName = Release;
		};
/* End XCConfigurationList section */
	};
	rootObject = 819DEE6E2D1F311C00C6DE35 /* Project object */;
}
